
Microsoft Visual Studio Solution File, Format Version 12.00
# Visual Studio Version 17
VisualStudioVersion = 17.12.35521.163
MinimumVisualStudioVersion = 10.0.40219.1
Project("{FAE04EC0-301F-11D3-BF4B-00C04F79EFBC}") = "Solution.DesktopApp", "Solution.DesktopApp\Solution.DesktopApp.csproj", "{BF96FD13-5E0D-473C-B7CF-7EED31D75601}"
EndProject
Project("{FAE04EC0-301F-11D3-BF4B-00C04F79EFBC}") = "Solution.ValidationLibrary", "Solution.ValidationLibrary\Solution.ValidationLibrary.csproj", "{F20ED58D-B576-44BC-83BC-B3FF33A562B9}"
EndProject
Global
	GlobalSection(SolutionConfigurationPlatforms) = preSolution
		Debug|Any CPU = Debug|Any CPU
		Release|Any CPU = Release|Any CPU
	EndGlobalSection
	GlobalSection(ProjectConfigurationPlatforms) = postSolution
		{BF96FD13-5E0D-473C-B7CF-7EED31D75601}.Debug|Any CPU.ActiveCfg = Debug|Any CPU
		{BF96FD13-5E0D-473C-B7CF-7EED31D75601}.Debug|Any CPU.Build.0 = Debug|Any CPU
		{BF96FD13-5E0D-473C-B7CF-7EED31D75601}.Release|Any CPU.ActiveCfg = Release|Any CPU
		{BF96FD13-5E0D-473C-B7CF-7EED31D75601}.Release|Any CPU.Build.0 = Release|Any CPU
		{F20ED58D-B576-44BC-83BC-B3FF33A562B9}.Debug|Any CPU.ActiveCfg = Debug|Any CPU
		{F20ED58D-B576-44BC-83BC-B3FF33A562B9}.Debug|Any CPU.Build.0 = Debug|Any CPU
		{F20ED58D-B576-44BC-83BC-B3FF33A562B9}.Release|Any CPU.ActiveCfg = Release|Any CPU
		{F20ED58D-B576-44BC-83BC-B3FF33A562B9}.Release|Any CPU.Build.0 = Release|Any CPU
	EndGlobalSection
	GlobalSection(SolutionProperties) = preSolution
		HideSolutionNode = FALSE
	EndGlobalSection
EndGlobal
